
Microsoft Visual Studio Solution File, Format Version 12.00
# Visual Studio Version 17
VisualStudioVersion = 17.8.34322.80
MinimumVisualStudioVersion = 10.0.40219.1
Project("{FAE04EC0-301F-11D3-BF4B-00C04F79EFBC}") = "Pustok0", "Pustok0.csproj", "{46CA6A3B-7A29-44F4-B922-7C63927A2DE6}"
EndProject
Global
	GlobalSection(SolutionConfigurationPlatforms) = preSolution
		Debug|Any CPU = Debug|Any CPU
		Release|Any CPU = Release|Any CPU
	EndGlobalSection
	GlobalSection(ProjectConfigurationPlatforms) = postSolution
		{46CA6A3B-7A29-44F4-B922-7C63927A2DE6}.Debug|Any CPU.ActiveCfg = Debug|Any CPU
		{46CA6A3B-7A29-44F4-B922-7C63927A2DE6}.Debug|Any CPU.Build.0 = Debug|Any CPU
		{46CA6A3B-7A29-44F4-B922-7C63927A2DE6}.Release|Any CPU.ActiveCfg = Release|Any CPU
		{46CA6A3B-7A29-44F4-B922-7C63927A2DE6}.Release|Any CPU.Build.0 = Release|Any CPU
	EndGlobalSection
	GlobalSection(SolutionProperties) = preSolution
		HideSolutionNode = FALSE
	EndGlobalSection
	GlobalSection(ExtensibilityGlobals) = postSolution
		SolutionGuid = {7E904F09-3635-458C-AED4-9ABCDB83EAC0}
	EndGlobalSection
EndGlobal
